
Microsoft Visual Studio Solution File, Format Version 12.00
# Visual Studio 15
VisualStudioVersion = 15.0.28307.136
MinimumVisualStudioVersion = 10.0.40219.1
Project("{FAE04EC0-301F-11D3-BF4B-00C04F79EFBC}") = "ex32-linkedlist", "ex32-linkedlist\ex32-linkedlist.csproj", "{A95D6466-6F23-4720-90FB-5FDDA4A239DF}"
EndProject
Project("{FAE04EC0-301F-11D3-BF4B-00C04F79EFBC}") = "Adt", "Adt\Adt.csproj", "{C3DA518F-F409-4090-953D-DECD446F6E1C}"
EndProject
Project("{FAE04EC0-301F-11D3-BF4B-00C04F79EFBC}") = "test", "test\test.csproj", "{C92C4D62-9C77-4AA8-AC6D-DB5B8C082008}"
EndProject
Global
	GlobalSection(SolutionConfigurationPlatforms) = preSolution
		Debug|Any CPU = Debug|Any CPU
		Release|Any CPU = Release|Any CPU
	EndGlobalSection
	GlobalSection(ProjectConfigurationPlatforms) = postSolution
		{A95D6466-6F23-4720-90FB-5FDDA4A239DF}.Debug|Any CPU.ActiveCfg = Debug|Any CPU
		{A95D6466-6F23-4720-90FB-5FDDA4A239DF}.Debug|Any CPU.Build.0 = Debug|Any CPU
		{A95D6466-6F23-4720-90FB-5FDDA4A239DF}.Release|Any CPU.ActiveCfg = Release|Any CPU
		{A95D6466-6F23-4720-90FB-5FDDA4A239DF}.Release|Any CPU.Build.0 = Release|Any CPU
		{C3DA518F-F409-4090-953D-DECD446F6E1C}.Debug|Any CPU.ActiveCfg = Debug|Any CPU
		{C3DA518F-F409-4090-953D-DECD446F6E1C}.Debug|Any CPU.Build.0 = Debug|Any CPU
		{C3DA518F-F409-4090-953D-DECD446F6E1C}.Release|Any CPU.ActiveCfg = Release|Any CPU
		{C3DA518F-F409-4090-953D-DECD446F6E1C}.Release|Any CPU.Build.0 = Release|Any CPU
		{C92C4D62-9C77-4AA8-AC6D-DB5B8C082008}.Debug|Any CPU.ActiveCfg = Debug|Any CPU
		{C92C4D62-9C77-4AA8-AC6D-DB5B8C082008}.Debug|Any CPU.Build.0 = Debug|Any CPU
		{C92C4D62-9C77-4AA8-AC6D-DB5B8C082008}.Release|Any CPU.ActiveCfg = Release|Any CPU
		{C92C4D62-9C77-4AA8-AC6D-DB5B8C082008}.Release|Any CPU.Build.0 = Release|Any CPU
	EndGlobalSection
	GlobalSection(SolutionProperties) = preSolution
		HideSolutionNode = FALSE
	EndGlobalSection
	GlobalSection(ExtensibilityGlobals) = postSolution
		SolutionGuid = {5C46F260-F7B2-4784-99C3-EF7BCBDF9621}
	EndGlobalSection
EndGlobal
